
Microsoft Visual Studio Solution File, Format Version 12.00
# Visual Studio Version 17
VisualStudioVersion = 17.7.34221.43
MinimumVisualStudioVersion = 10.0.40219.1
Project("{FAE04EC0-301F-11D3-BF4B-00C04F79EFBC}") = "Academy_fitnessGasanova", "Academy_fitnessGasanova.csproj", "{AEB72B34-56AE-467B-BA43-47BA063A0AD0}"
EndProject
Global
	GlobalSection(SolutionConfigurationPlatforms) = preSolution
		Debug|Any CPU = Debug|Any CPU
		Release|Any CPU = Release|Any CPU
	EndGlobalSection
	GlobalSection(ProjectConfigurationPlatforms) = postSolution
		{AEB72B34-56AE-467B-BA43-47BA063A0AD0}.Debug|Any CPU.ActiveCfg = Debug|Any CPU
		{AEB72B34-56AE-467B-BA43-47BA063A0AD0}.Debug|Any CPU.Build.0 = Debug|Any CPU
		{AEB72B34-56AE-467B-BA43-47BA063A0AD0}.Release|Any CPU.ActiveCfg = Release|Any CPU
		{AEB72B34-56AE-467B-BA43-47BA063A0AD0}.Release|Any CPU.Build.0 = Release|Any CPU
	EndGlobalSection
	GlobalSection(SolutionProperties) = preSolution
		HideSolutionNode = FALSE
	EndGlobalSection
	GlobalSection(ExtensibilityGlobals) = postSolution
		SolutionGuid = {5A171F78-7E49-4881-82C5-9DD2DB94FF0E}
	EndGlobalSection
EndGlobal
